
Microsoft Visual Studio Solution File, Format Version 12.00
# Visual Studio Version 17
VisualStudioVersion = 17.4.33110.190
MinimumVisualStudioVersion = 10.0.40219.1
Project("{9A19103F-16F7-4668-BE54-9A1E7A4F7556}") = "AzureKeyVault.Sample", "AzureKeyVault.Sample\AzureKeyVault.Sample.csproj", "{908ADB8F-6CC1-486B-849B-A0B919CC0E81}"
EndProject
Project("{FAE04EC0-301F-11D3-BF4B-00C04F79EFBC}") = "AzureKeyVault.Interact", "AzureKeyVault.Interact\AzureKeyVault.Interact.csproj", "{785CA698-EFEA-405D-93E5-EC24C3A6545F}"
EndProject
Global
	GlobalSection(SolutionConfigurationPlatforms) = preSolution
		Debug|Any CPU = Debug|Any CPU
		Release|Any CPU = Release|Any CPU
	EndGlobalSection
	GlobalSection(ProjectConfigurationPlatforms) = postSolution
		{908ADB8F-6CC1-486B-849B-A0B919CC0E81}.Debug|Any CPU.ActiveCfg = Debug|Any CPU
		{908ADB8F-6CC1-486B-849B-A0B919CC0E81}.Debug|Any CPU.Build.0 = Debug|Any CPU
		{908ADB8F-6CC1-486B-849B-A0B919CC0E81}.Release|Any CPU.ActiveCfg = Release|Any CPU
		{908ADB8F-6CC1-486B-849B-A0B919CC0E81}.Release|Any CPU.Build.0 = Release|Any CPU
		{785CA698-EFEA-405D-93E5-EC24C3A6545F}.Debug|Any CPU.ActiveCfg = Debug|Any CPU
		{785CA698-EFEA-405D-93E5-EC24C3A6545F}.Debug|Any CPU.Build.0 = Debug|Any CPU
		{785CA698-EFEA-405D-93E5-EC24C3A6545F}.Release|Any CPU.ActiveCfg = Release|Any CPU
		{785CA698-EFEA-405D-93E5-EC24C3A6545F}.Release|Any CPU.Build.0 = Release|Any CPU
	EndGlobalSection
	GlobalSection(SolutionProperties) = preSolution
		HideSolutionNode = FALSE
	EndGlobalSection
	GlobalSection(ExtensibilityGlobals) = postSolution
		SolutionGuid = {C30DDCF5-87CD-4278-84EF-4F52357718B2}
	EndGlobalSection
EndGlobal
